
Microsoft Visual Studio Solution File, Format Version 12.00
# Visual Studio Version 16
VisualStudioVersion = 16.0.29613.14
MinimumVisualStudioVersion = 10.0.40219.1
Project("{FAE04EC0-301F-11D3-BF4B-00C04F79EFBC}") = "Modulearn2", "Modulearn2\Modulearn2.csproj", "{6DFABD5E-C44C-41B8-89EF-FBDCD3047EF4}"
EndProject
Global
	GlobalSection(SolutionConfigurationPlatforms) = preSolution
		Debug|Any CPU = Debug|Any CPU
		Release|Any CPU = Release|Any CPU
	EndGlobalSection
	GlobalSection(ProjectConfigurationPlatforms) = postSolution
		{6DFABD5E-C44C-41B8-89EF-FBDCD3047EF4}.Debug|Any CPU.ActiveCfg = Debug|Any CPU
		{6DFABD5E-C44C-41B8-89EF-FBDCD3047EF4}.Debug|Any CPU.Build.0 = Debug|Any CPU
		{6DFABD5E-C44C-41B8-89EF-FBDCD3047EF4}.Release|Any CPU.ActiveCfg = Release|Any CPU
		{6DFABD5E-C44C-41B8-89EF-FBDCD3047EF4}.Release|Any CPU.Build.0 = Release|Any CPU
	EndGlobalSection
	GlobalSection(SolutionProperties) = preSolution
		HideSolutionNode = FALSE
	EndGlobalSection
	GlobalSection(ExtensibilityGlobals) = postSolution
		SolutionGuid = {F97D3552-3C9A-479A-ACD1-AE1258DEB4E4}
	EndGlobalSection
EndGlobal
